// !$*UTF8*$!
{
	archiveVersion = 1;
	classes = {
	};
	objectVersion = 56;
	objects = {

/* Begin PBXBuildFile section */
		DE0072422B1D2EBF00CF589F /* ShelvesView.swift in Sources */ = {isa = PBXBuildFile; fileRef = DE0072412B1D2EBF00CF589F /* ShelvesView.swift */; };
		DE0072442B1D307B00CF589F /* AddBookViewModel.swift in Sources */ = {isa = PBXBuildFile; fileRef = DE0072432B1D307B00CF589F /* AddBookViewModel.swift */; };
		DE0072462B1D329800CF589F /* LibraryBook.swift in Sources */ = {isa = PBXBuildFile; fileRef = DE0072452B1D329800CF589F /* LibraryBook.swift */; };
		DE0072482B1D504700CF589F /* Launch Screen.storyboard in Resources */ = {isa = PBXBuildFile; fileRef = DE0072472B1D504700CF589F /* Launch Screen.storyboard */; };
		DE2FF7B62B1CE8810005C946 /* User.swift in Sources */ = {isa = PBXBuildFile; fileRef = DE2FF7B52B1CE8810005C946 /* User.swift */; };
		DE2FF7B82B1CE9960005C946 /* ProfileView.swift in Sources */ = {isa = PBXBuildFile; fileRef = DE2FF7B72B1CE9960005C946 /* ProfileView.swift */; };
		DE2FF7BA2B1CEBD40005C946 /* SettingsRowView.swift in Sources */ = {isa = PBXBuildFile; fileRef = DE2FF7B92B1CEBD40005C946 /* SettingsRowView.swift */; };
		DE2FF7BC2B1CF3930005C946 /* AuthViewModel.swift in Sources */ = {isa = PBXBuildFile; fileRef = DE2FF7BB2B1CF3930005C946 /* AuthViewModel.swift */; };
		DE2FF7BE2B1CF4A50005C946 /* GoogleService-Info (2).plist in Resources */ = {isa = PBXBuildFile; fileRef = DE2FF7BD2B1CF4A50005C946 /* GoogleService-Info (2).plist */; };
		DE2FF7C02B1CF4F60005C946 /* FirebaseAnalytics in Frameworks */ = {isa = PBXBuildFile; productRef = DE2FF7BF2B1CF4F60005C946 /* FirebaseAnalytics */; };
		DE2FF7C22B1CF4F60005C946 /* FirebaseAnalyticsOnDeviceConversion in Frameworks */ = {isa = PBXBuildFile; productRef = DE2FF7C12B1CF4F60005C946 /* FirebaseAnalyticsOnDeviceConversion */; };
		DE2FF7C42B1CF4F60005C946 /* FirebaseAnalyticsSwift in Frameworks */ = {isa = PBXBuildFile; productRef = DE2FF7C32B1CF4F60005C946 /* FirebaseAnalyticsSwift */; };
		DE2FF7C62B1CF4F60005C946 /* FirebaseAnalyticsWithoutAdIdSupport in Frameworks */ = {isa = PBXBuildFile; productRef = DE2FF7C52B1CF4F60005C946 /* FirebaseAnalyticsWithoutAdIdSupport */; };
		DE2FF7C82B1CF4F60005C946 /* FirebaseAppCheck in Frameworks */ = {isa = PBXBuildFile; productRef = DE2FF7C72B1CF4F60005C946 /* FirebaseAppCheck */; };
		DE2FF7CA2B1CF4F60005C946 /* FirebaseAppDistribution-Beta in Frameworks */ = {isa = PBXBuildFile; productRef = DE2FF7C92B1CF4F60005C946 /* FirebaseAppDistribution-Beta */; };
		DE2FF7CC2B1CF4F60005C946 /* FirebaseAuth in Frameworks */ = {isa = PBXBuildFile; productRef = DE2FF7CB2B1CF4F60005C946 /* FirebaseAuth */; };
		DE2FF7CE2B1CF4F60005C946 /* FirebaseAuthCombine-Community in Frameworks */ = {isa = PBXBuildFile; productRef = DE2FF7CD2B1CF4F60005C946 /* FirebaseAuthCombine-Community */; };
		DE2FF7D02B1CF4F60005C946 /* FirebaseCrashlytics in Frameworks */ = {isa = PBXBuildFile; productRef = DE2FF7CF2B1CF4F60005C946 /* FirebaseCrashlytics */; };
		DE2FF7D22B1CF4F60005C946 /* FirebaseDatabase in Frameworks */ = {isa = PBXBuildFile; productRef = DE2FF7D12B1CF4F60005C946 /* FirebaseDatabase */; };
		DE2FF7D42B1CF4F60005C946 /* FirebaseDatabaseSwift in Frameworks */ = {isa = PBXBuildFile; productRef = DE2FF7D32B1CF4F60005C946 /* FirebaseDatabaseSwift */; };
		DE2FF7D62B1CF4F60005C946 /* FirebaseDynamicLinks in Frameworks */ = {isa = PBXBuildFile; productRef = DE2FF7D52B1CF4F60005C946 /* FirebaseDynamicLinks */; };
		DE2FF7D82B1CF4F60005C946 /* FirebaseFirestore in Frameworks */ = {isa = PBXBuildFile; productRef = DE2FF7D72B1CF4F60005C946 /* FirebaseFirestore */; };
		DE2FF7DA2B1CF4F60005C946 /* FirebaseFirestoreCombine-Community in Frameworks */ = {isa = PBXBuildFile; productRef = DE2FF7D92B1CF4F60005C946 /* FirebaseFirestoreCombine-Community */; };
		DE2FF7DC2B1CF4F60005C946 /* FirebaseFirestoreSwift in Frameworks */ = {isa = PBXBuildFile; productRef = DE2FF7DB2B1CF4F60005C946 /* FirebaseFirestoreSwift */; };
		DE2FF7DE2B1CF4F60005C946 /* FirebaseFunctions in Frameworks */ = {isa = PBXBuildFile; productRef = DE2FF7DD2B1CF4F60005C946 /* FirebaseFunctions */; };
		DE2FF7E02B1CF4F60005C946 /* FirebaseFunctionsCombine-Community in Frameworks */ = {isa = PBXBuildFile; productRef = DE2FF7DF2B1CF4F60005C946 /* FirebaseFunctionsCombine-Community */; };
		DE2FF7E22B1CF4F60005C946 /* FirebaseInAppMessaging-Beta in Frameworks */ = {isa = PBXBuildFile; productRef = DE2FF7E12B1CF4F60005C946 /* FirebaseInAppMessaging-Beta */; };
		DE2FF7E42B1CF4F60005C946 /* FirebaseInAppMessagingSwift-Beta in Frameworks */ = {isa = PBXBuildFile; productRef = DE2FF7E32B1CF4F60005C946 /* FirebaseInAppMessagingSwift-Beta */; };
		DE2FF7E62B1CF4F60005C946 /* FirebaseInstallations in Frameworks */ = {isa = PBXBuildFile; productRef = DE2FF7E52B1CF4F60005C946 /* FirebaseInstallations */; };
		DE2FF7E82B1CF4F60005C946 /* FirebaseMLModelDownloader in Frameworks */ = {isa = PBXBuildFile; productRef = DE2FF7E72B1CF4F60005C946 /* FirebaseMLModelDownloader */; };
		DE2FF7EA2B1CF4F60005C946 /* FirebaseMessaging in Frameworks */ = {isa = PBXBuildFile; productRef = DE2FF7E92B1CF4F60005C946 /* FirebaseMessaging */; };
		DE2FF7EC2B1CF4F60005C946 /* FirebasePerformance in Frameworks */ = {isa = PBXBuildFile; productRef = DE2FF7EB2B1CF4F60005C946 /* FirebasePerformance */; };
		DE2FF7EE2B1CF4F60005C946 /* FirebaseRemoteConfig in Frameworks */ = {isa = PBXBuildFile; productRef = DE2FF7ED2B1CF4F60005C946 /* FirebaseRemoteConfig */; };
		DE2FF7F02B1CF4F60005C946 /* FirebaseRemoteConfigSwift in Frameworks */ = {isa = PBXBuildFile; productRef = DE2FF7EF2B1CF4F60005C946 /* FirebaseRemoteConfigSwift */; };
		DE2FF7F22B1CF4F60005C946 /* FirebaseStorage in Frameworks */ = {isa = PBXBuildFile; productRef = DE2FF7F12B1CF4F60005C946 /* FirebaseStorage */; };
		DE2FF7F42B1CF4F60005C946 /* FirebaseStorageCombine-Community in Frameworks */ = {isa = PBXBuildFile; productRef = DE2FF7F32B1CF4F60005C946 /* FirebaseStorageCombine-Community */; };
		DE2FF7F62B1CF9290005C946 /* HomeView.swift in Sources */ = {isa = PBXBuildFile; fileRef = DE2FF7F52B1CF9290005C946 /* HomeView.swift */; };
		DE2FF7F92B1D1C690005C946 /* CoreTelephony.framework in Frameworks */ = {isa = PBXBuildFile; fileRef = DE2FF7F82B1D1C690005C946 /* CoreTelephony.framework */; };
		DE3BF24F2B1BFF1900AD0EE1 /* BookListModel.swift in Sources */ = {isa = PBXBuildFile; fileRef = DE3BF24E2B1BFF1900AD0EE1 /* BookListModel.swift */; };
		DE3BF2532B1BFF9E00AD0EE1 /* SearchViewModel.swift in Sources */ = {isa = PBXBuildFile; fileRef = DE3BF2522B1BFF9E00AD0EE1 /* SearchViewModel.swift */; };
		DE3BF2552B1BFFD100AD0EE1 /* SearchView.swift in Sources */ = {isa = PBXBuildFile; fileRef = DE3BF2542B1BFFD100AD0EE1 /* SearchView.swift */; };
		DE3BF2572B1C08CE00AD0EE1 /* BookDetail.swift in Sources */ = {isa = PBXBuildFile; fileRef = DE3BF2562B1C08CE00AD0EE1 /* BookDetail.swift */; };
		DE3BF2592B1C0B7F00AD0EE1 /* CoverView.swift in Sources */ = {isa = PBXBuildFile; fileRef = DE3BF2582B1C0B7F00AD0EE1 /* CoverView.swift */; };
		DE9186342B1A5BB0004E8F1E /* MyShelvesApp.swift in Sources */ = {isa = PBXBuildFile; fileRef = DE9186332B1A5BB0004E8F1E /* MyShelvesApp.swift */; };
		DE9186362B1A5BB0004E8F1E /* ContentView.swift in Sources */ = {isa = PBXBuildFile; fileRef = DE9186352B1A5BB0004E8F1E /* ContentView.swift */; };
		DE9186382B1A5BB2004E8F1E /* Assets.xcassets in Resources */ = {isa = PBXBuildFile; fileRef = DE9186372B1A5BB2004E8F1E /* Assets.xcassets */; };
		DE91863B2B1A5BB2004E8F1E /* Preview Assets.xcassets in Resources */ = {isa = PBXBuildFile; fileRef = DE91863A2B1A5BB2004E8F1E /* Preview Assets.xcassets */; };
		DE9186422B1A5C5F004E8F1E /* ExploreViewModel.swift in Sources */ = {isa = PBXBuildFile; fileRef = DE9186412B1A5C5F004E8F1E /* ExploreViewModel.swift */; };
		DE9186442B1A5D46004E8F1E /* BestSellerModel.swift in Sources */ = {isa = PBXBuildFile; fileRef = DE9186432B1A5D46004E8F1E /* BestSellerModel.swift */; };
		DE9186462B1A5D86004E8F1E /* ExploreView.swift in Sources */ = {isa = PBXBuildFile; fileRef = DE9186452B1A5D86004E8F1E /* ExploreView.swift */; };
		DEA5BA812B1EB79F005A9F76 /* LibraryBookDetail.swift in Sources */ = {isa = PBXBuildFile; fileRef = DEA5BA802B1EB79F005A9F76 /* LibraryBookDetail.swift */; };
		DEC467282B1CB8ED0077F986 /* ExploreBookDetail.swift in Sources */ = {isa = PBXBuildFile; fileRef = DEC467272B1CB8ED0077F986 /* ExploreBookDetail.swift */; };
		DEC4672A2B1CB9DA0077F986 /* ExploreCoverView.swift in Sources */ = {isa = PBXBuildFile; fileRef = DEC467292B1CB9DA0077F986 /* ExploreCoverView.swift */; };
		DEC4672C2B1CD1720077F986 /* GoogleService-Info.plist in Resources */ = {isa = PBXBuildFile; fileRef = DEC4672B2B1CD1720077F986 /* GoogleService-Info.plist */; };
		DEC4672F2B1CD1B00077F986 /* FirebaseAnalytics in Frameworks */ = {isa = PBXBuildFile; productRef = DEC4672E2B1CD1B00077F986 /* FirebaseAnalytics */; };
		DEC467312B1CD1B00077F986 /* FirebaseAnalyticsOnDeviceConversion in Frameworks */ = {isa = PBXBuildFile; productRef = DEC467302B1CD1B00077F986 /* FirebaseAnalyticsOnDeviceConversion */; };
		DEC467332B1CD1B00077F986 /* FirebaseAnalyticsSwift in Frameworks */ = {isa = PBXBuildFile; productRef = DEC467322B1CD1B00077F986 /* FirebaseAnalyticsSwift */; };
		DEC467352B1CD1B00077F986 /* FirebaseAnalyticsWithoutAdIdSupport in Frameworks */ = {isa = PBXBuildFile; productRef = DEC467342B1CD1B00077F986 /* FirebaseAnalyticsWithoutAdIdSupport */; };
		DEC467372B1CD1B00077F986 /* FirebaseAppCheck in Frameworks */ = {isa = PBXBuildFile; productRef = DEC467362B1CD1B00077F986 /* FirebaseAppCheck */; };
		DEC467392B1CD2DD0077F986 /* LoginView.swift in Sources */ = {isa = PBXBuildFile; fileRef = DEC467382B1CD2DD0077F986 /* LoginView.swift */; };
		DEC4673B2B1CD6980077F986 /* InputView.swift in Sources */ = {isa = PBXBuildFile; fileRef = DEC4673A2B1CD6980077F986 /* InputView.swift */; };
		DEC4673D2B1CDEB80077F986 /* RegistrationView.swift in Sources */ = {isa = PBXBuildFile; fileRef = DEC4673C2B1CDEB80077F986 /* RegistrationView.swift */; };
/* End PBXBuildFile section */

/* Begin PBXFileReference section */
		DE0072412B1D2EBF00CF589F /* ShelvesView.swift */ = {isa = PBXFileReference; lastKnownFileType = sourcecode.swift; path = ShelvesView.swift; sourceTree = "<group>"; };
		DE0072432B1D307B00CF589F /* AddBookViewModel.swift */ = {isa = PBXFileReference; lastKnownFileType = sourcecode.swift; path = AddBookViewModel.swift; sourceTree = "<group>"; };
		DE0072452B1D329800CF589F /* LibraryBook.swift */ = {isa = PBXFileReference; lastKnownFileType = sourcecode.swift; path = LibraryBook.swift; sourceTree = "<group>"; };
		DE0072472B1D504700CF589F /* Launch Screen.storyboard */ = {isa = PBXFileReference; lastKnownFileType = file.storyboard; path = "Launch Screen.storyboard"; sourceTree = "<group>"; };
		DE2FF7B52B1CE8810005C946 /* User.swift */ = {isa = PBXFileReference; lastKnownFileType = sourcecode.swift; path = User.swift; sourceTree = "<group>"; };
		DE2FF7B72B1CE9960005C946 /* ProfileView.swift */ = {isa = PBXFileReference; lastKnownFileType = sourcecode.swift; path = ProfileView.swift; sourceTree = "<group>"; };
		DE2FF7B92B1CEBD40005C946 /* SettingsRowView.swift */ = {isa = PBXFileReference; lastKnownFileType = sourcecode.swift; path = SettingsRowView.swift; sourceTree = "<group>"; };
		DE2FF7BB2B1CF3930005C946 /* AuthViewModel.swift */ = {isa = PBXFileReference; lastKnownFileType = sourcecode.swift; path = AuthViewModel.swift; sourceTree = "<group>"; };
		DE2FF7BD2B1CF4A50005C946 /* GoogleService-Info (2).plist */ = {isa = PBXFileReference; fileEncoding = 4; lastKnownFileType = text.plist.xml; path = "GoogleService-Info (2).plist"; sourceTree = "<group>"; };
		DE2FF7F52B1CF9290005C946 /* HomeView.swift */ = {isa = PBXFileReference; lastKnownFileType = sourcecode.swift; path = HomeView.swift; sourceTree = "<group>"; };
		DE2FF7F82B1D1C690005C946 /* CoreTelephony.framework */ = {isa = PBXFileReference; lastKnownFileType = wrapper.framework; name = CoreTelephony.framework; path = System/Library/Frameworks/CoreTelephony.framework; sourceTree = SDKROOT; };
		DE3BF24E2B1BFF1900AD0EE1 /* BookListModel.swift */ = {isa = PBXFileReference; lastKnownFileType = sourcecode.swift; path = BookListModel.swift; sourceTree = "<group>"; };
		DE3BF2522B1BFF9E00AD0EE1 /* SearchViewModel.swift */ = {isa = PBXFileReference; lastKnownFileType = sourcecode.swift; path = SearchViewModel.swift; sourceTree = "<group>"; };
		DE3BF2542B1BFFD100AD0EE1 /* SearchView.swift */ = {isa = PBXFileReference; lastKnownFileType = sourcecode.swift; path = SearchView.swift; sourceTree = "<group>"; };
		DE3BF2562B1C08CE00AD0EE1 /* BookDetail.swift */ = {isa = PBXFileReference; lastKnownFileType = sourcecode.swift; path = BookDetail.swift; sourceTree = "<group>"; };
		DE3BF2582B1C0B7F00AD0EE1 /* CoverView.swift */ = {isa = PBXFileReference; lastKnownFileType = sourcecode.swift; path = CoverView.swift; sourceTree = "<group>"; };
		DE9186302B1A5BB0004E8F1E /* MyShelves.app */ = {isa = PBXFileReference; explicitFileType = wrapper.application; includeInIndex = 0; path = MyShelves.app; sourceTree = BUILT_PRODUCTS_DIR; };
		DE9186332B1A5BB0004E8F1E /* MyShelvesApp.swift */ = {isa = PBXFileReference; lastKnownFileType = sourcecode.swift; path = MyShelvesApp.swift; sourceTree = "<group>"; };
		DE9186352B1A5BB0004E8F1E /* ContentView.swift */ = {isa = PBXFileReference; lastKnownFileType = sourcecode.swift; path = ContentView.swift; sourceTree = "<group>"; };
		DE9186372B1A5BB2004E8F1E /* Assets.xcassets */ = {isa = PBXFileReference; lastKnownFileType = folder.assetcatalog; path = Assets.xcassets; sourceTree = "<group>"; };
		DE91863A2B1A5BB2004E8F1E /* Preview Assets.xcassets */ = {isa = PBXFileReference; lastKnownFileType = folder.assetcatalog; path = "Preview Assets.xcassets"; sourceTree = "<group>"; };
		DE9186412B1A5C5F004E8F1E /* ExploreViewModel.swift */ = {isa = PBXFileReference; lastKnownFileType = sourcecode.swift; path = ExploreViewModel.swift; sourceTree = "<group>"; };
		DE9186432B1A5D46004E8F1E /* BestSellerModel.swift */ = {isa = PBXFileReference; lastKnownFileType = sourcecode.swift; path = BestSellerModel.swift; sourceTree = "<group>"; };
		DE9186452B1A5D86004E8F1E /* ExploreView.swift */ = {isa = PBXFileReference; lastKnownFileType = sourcecode.swift; path = ExploreView.swift; sourceTree = "<group>"; };
		DEA5BA802B1EB79F005A9F76 /* LibraryBookDetail.swift */ = {isa = PBXFileReference; lastKnownFileType = sourcecode.swift; path = LibraryBookDetail.swift; sourceTree = "<group>"; };
		DEC467272B1CB8ED0077F986 /* ExploreBookDetail.swift */ = {isa = PBXFileReference; lastKnownFileType = sourcecode.swift; path = ExploreBookDetail.swift; sourceTree = "<group>"; };
		DEC467292B1CB9DA0077F986 /* ExploreCoverView.swift */ = {isa = PBXFileReference; lastKnownFileType = sourcecode.swift; path = ExploreCoverView.swift; sourceTree = "<group>"; };
		DEC4672B2B1CD1720077F986 /* GoogleService-Info.plist */ = {isa = PBXFileReference; fileEncoding = 4; lastKnownFileType = text.plist.xml; path = "GoogleService-Info.plist"; sourceTree = "<group>"; };
		DEC467382B1CD2DD0077F986 /* LoginView.swift */ = {isa = PBXFileReference; lastKnownFileType = sourcecode.swift; path = LoginView.swift; sourceTree = "<group>"; };
		DEC4673A2B1CD6980077F986 /* InputView.swift */ = {isa = PBXFileReference; lastKnownFileType = sourcecode.swift; path = InputView.swift; sourceTree = "<group>"; };
		DEC4673C2B1CDEB80077F986 /* RegistrationView.swift */ = {isa = PBXFileReference; lastKnownFileType = sourcecode.swift; path = RegistrationView.swift; sourceTree = "<group>"; };
/* End PBXFileReference section */

/* Begin PBXFrameworksBuildPhase section */
		DE91862D2B1A5BB0004E8F1E /* Frameworks */ = {
			isa = PBXFrameworksBuildPhase;
			buildActionMask = 2147483647;
			files = (
				DE2FF7F92B1D1C690005C946 /* CoreTelephony.framework in Frameworks */,
				DE2FF7EA2B1CF4F60005C946 /* FirebaseMessaging in Frameworks */,
				DE2FF7DA2B1CF4F60005C946 /* FirebaseFirestoreCombine-Community in Frameworks */,
				DE2FF7D22B1CF4F60005C946 /* FirebaseDatabase in Frameworks */,
				DEC467332B1CD1B00077F986 /* FirebaseAnalyticsSwift in Frameworks */,
				DE2FF7F22B1CF4F60005C946 /* FirebaseStorage in Frameworks */,
				DEC4672F2B1CD1B00077F986 /* FirebaseAnalytics in Frameworks */,
				DE2FF7C02B1CF4F60005C946 /* FirebaseAnalytics in Frameworks */,
				DE2FF7D02B1CF4F60005C946 /* FirebaseCrashlytics in Frameworks */,
				DE2FF7D82B1CF4F60005C946 /* FirebaseFirestore in Frameworks */,
				DE2FF7D62B1CF4F60005C946 /* FirebaseDynamicLinks in Frameworks */,
				DE2FF7F42B1CF4F60005C946 /* FirebaseStorageCombine-Community in Frameworks */,
				DE2FF7C22B1CF4F60005C946 /* FirebaseAnalyticsOnDeviceConversion in Frameworks */,
				DE2FF7E02B1CF4F60005C946 /* FirebaseFunctionsCombine-Community in Frameworks */,
				DE2FF7E42B1CF4F60005C946 /* FirebaseInAppMessagingSwift-Beta in Frameworks */,
				DE2FF7E82B1CF4F60005C946 /* FirebaseMLModelDownloader in Frameworks */,
				DE2FF7E22B1CF4F60005C946 /* FirebaseInAppMessaging-Beta in Frameworks */,
				DE2FF7EC2B1CF4F60005C946 /* FirebasePerformance in Frameworks */,
				DE2FF7CE2B1CF4F60005C946 /* FirebaseAuthCombine-Community in Frameworks */,
				DE2FF7C42B1CF4F60005C946 /* FirebaseAnalyticsSwift in Frameworks */,
				DE2FF7D42B1CF4F60005C946 /* FirebaseDatabaseSwift in Frameworks */,
				DEC467312B1CD1B00077F986 /* FirebaseAnalyticsOnDeviceConversion in Frameworks */,
				DE2FF7EE2B1CF4F60005C946 /* FirebaseRemoteConfig in Frameworks */,
				DEC467372B1CD1B00077F986 /* FirebaseAppCheck in Frameworks */,
				DE2FF7CC2B1CF4F60005C946 /* FirebaseAuth in Frameworks */,
				DE2FF7DE2B1CF4F60005C946 /* FirebaseFunctions in Frameworks */,
				DE2FF7E62B1CF4F60005C946 /* FirebaseInstallations in Frameworks */,
				DE2FF7DC2B1CF4F60005C946 /* FirebaseFirestoreSwift in Frameworks */,
				DE2FF7C62B1CF4F60005C946 /* FirebaseAnalyticsWithoutAdIdSupport in Frameworks */,
				DE2FF7C82B1CF4F60005C946 /* FirebaseAppCheck in Frameworks */,
				DE2FF7F02B1CF4F60005C946 /* FirebaseRemoteConfigSwift in Frameworks */,
				DE2FF7CA2B1CF4F60005C946 /* FirebaseAppDistribution-Beta in Frameworks */,
				DEC467352B1CD1B00077F986 /* FirebaseAnalyticsWithoutAdIdSupport in Frameworks */,
			);
			runOnlyForDeploymentPostprocessing = 0;
		};
/* End PBXFrameworksBuildPhase section */

/* Begin PBXGroup section */
		DE2FF7F72B1D1C690005C946 /* Frameworks */ = {
			isa = PBXGroup;
			children = (
				DE2FF7F82B1D1C690005C946 /* CoreTelephony.framework */,
			);
			name = Frameworks;
			sourceTree = "<group>";
		};
		DE3BF25C2B1CA12500AD0EE1 /* ViewModels */ = {
			isa = PBXGroup;
			children = (
				DE9186412B1A5C5F004E8F1E /* ExploreViewModel.swift */,
				DE2FF7BB2B1CF3930005C946 /* AuthViewModel.swift */,
				DE3BF2522B1BFF9E00AD0EE1 /* SearchViewModel.swift */,
				DE0072432B1D307B00CF589F /* AddBookViewModel.swift */,
			);
			path = ViewModels;
			sourceTree = "<group>";
		};
		DE3BF25D2B1CA14000AD0EE1 /* Models */ = {
			isa = PBXGroup;
			children = (
				DE3BF24E2B1BFF1900AD0EE1 /* BookListModel.swift */,
				DE0072452B1D329800CF589F /* LibraryBook.swift */,
				DE9186432B1A5D46004E8F1E /* BestSellerModel.swift */,
				DE2FF7B52B1CE8810005C946 /* User.swift */,
			);
			path = Models;
			sourceTree = "<group>";
		};
		DE3BF25E2B1CA15100AD0EE1 /* Views */ = {
			isa = PBXGroup;
			children = (
				DE9186352B1A5BB0004E8F1E /* ContentView.swift */,
				DE2FF7F52B1CF9290005C946 /* HomeView.swift */,
				DEA5BA802B1EB79F005A9F76 /* LibraryBookDetail.swift */,
				DE0072472B1D504700CF589F /* Launch Screen.storyboard */,
				DEC4673A2B1CD6980077F986 /* InputView.swift */,
				DE0072412B1D2EBF00CF589F /* ShelvesView.swift */,
				DE2FF7B92B1CEBD40005C946 /* SettingsRowView.swift */,
				DEC467382B1CD2DD0077F986 /* LoginView.swift */,
				DE3BF2562B1C08CE00AD0EE1 /* BookDetail.swift */,
				DEC4673C2B1CDEB80077F986 /* RegistrationView.swift */,
				DE2FF7B72B1CE9960005C946 /* ProfileView.swift */,
				DEC467272B1CB8ED0077F986 /* ExploreBookDetail.swift */,
				DE9186452B1A5D86004E8F1E /* ExploreView.swift */,
				DEC467292B1CB9DA0077F986 /* ExploreCoverView.swift */,
				DE3BF2542B1BFFD100AD0EE1 /* SearchView.swift */,
				DE3BF2582B1C0B7F00AD0EE1 /* CoverView.swift */,
			);
			path = Views;
			sourceTree = "<group>";
		};
		DE9186272B1A5BB0004E8F1E = {
			isa = PBXGroup;
			children = (
				DE9186322B1A5BB0004E8F1E /* MyShelves */,
				DE9186312B1A5BB0004E8F1E /* Products */,
				DE2FF7F72B1D1C690005C946 /* Frameworks */,
			);
			sourceTree = "<group>";
		};
		DE9186312B1A5BB0004E8F1E /* Products */ = {
			isa = PBXGroup;
			children = (
				DE9186302B1A5BB0004E8F1E /* MyShelves.app */,
			);
			name = Products;
			sourceTree = "<group>";
		};
		DE9186322B1A5BB0004E8F1E /* MyShelves */ = {
			isa = PBXGroup;
			children = (
				DE9186332B1A5BB0004E8F1E /* MyShelvesApp.swift */,
				DE3BF25C2B1CA12500AD0EE1 /* ViewModels */,
				DE3BF25E2B1CA15100AD0EE1 /* Views */,
				DE3BF25D2B1CA14000AD0EE1 /* Models */,
				DE9186372B1A5BB2004E8F1E /* Assets.xcassets */,
				DEC4672B2B1CD1720077F986 /* GoogleService-Info.plist */,
				DE2FF7BD2B1CF4A50005C946 /* GoogleService-Info (2).plist */,
				DE9186392B1A5BB2004E8F1E /* Preview Content */,
			);
			path = MyShelves;
			sourceTree = "<group>";
		};
		DE9186392B1A5BB2004E8F1E /* Preview Content */ = {
			isa = PBXGroup;
			children = (
				DE91863A2B1A5BB2004E8F1E /* Preview Assets.xcassets */,
			);
			path = "Preview Content";
			sourceTree = "<group>";
		};
/* End PBXGroup section */

/* Begin PBXNativeTarget section */
		DE91862F2B1A5BB0004E8F1E /* MyShelves */ = {
			isa = PBXNativeTarget;
			buildConfigurationList = DE91863E2B1A5BB2004E8F1E /* Build configuration list for PBXNativeTarget "MyShelves" */;
			buildPhases = (
				DE91862C2B1A5BB0004E8F1E /* Sources */,
				DE91862D2B1A5BB0004E8F1E /* Frameworks */,
				DE91862E2B1A5BB0004E8F1E /* Resources */,
			);
			buildRules = (
			);
			dependencies = (
			);
			name = MyShelves;
			packageProductDependencies = (
				DEC4672E2B1CD1B00077F986 /* FirebaseAnalytics */,
				DEC467302B1CD1B00077F986 /* FirebaseAnalyticsOnDeviceConversion */,
				DEC467322B1CD1B00077F986 /* FirebaseAnalyticsSwift */,
				DEC467342B1CD1B00077F986 /* FirebaseAnalyticsWithoutAdIdSupport */,
				DEC467362B1CD1B00077F986 /* FirebaseAppCheck */,
				DE2FF7BF2B1CF4F60005C946 /* FirebaseAnalytics */,
				DE2FF7C12B1CF4F60005C946 /* FirebaseAnalyticsOnDeviceConversion */,
				DE2FF7C32B1CF4F60005C946 /* FirebaseAnalyticsSwift */,
				DE2FF7C52B1CF4F60005C946 /* FirebaseAnalyticsWithoutAdIdSupport */,
				DE2FF7C72B1CF4F60005C946 /* FirebaseAppCheck */,
				DE2FF7C92B1CF4F60005C946 /* FirebaseAppDistribution-Beta */,
				DE2FF7CB2B1CF4F60005C946 /* FirebaseAuth */,
				DE2FF7CD2B1CF4F60005C946 /* FirebaseAuthCombine-Community */,
				DE2FF7CF2B1CF4F60005C946 /* FirebaseCrashlytics */,
				DE2FF7D12B1CF4F60005C946 /* FirebaseDatabase */,
				DE2FF7D32B1CF4F60005C946 /* FirebaseDatabaseSwift */,
				DE2FF7D52B1CF4F60005C946 /* FirebaseDynamicLinks */,
				DE2FF7D72B1CF4F60005C946 /* FirebaseFirestore */,
				DE2FF7D92B1CF4F60005C946 /* FirebaseFirestoreCombine-Community */,
				DE2FF7DB2B1CF4F60005C946 /* FirebaseFirestoreSwift */,
				DE2FF7DD2B1CF4F60005C946 /* FirebaseFunctions */,
				DE2FF7DF2B1CF4F60005C946 /* FirebaseFunctionsCombine-Community */,
				DE2FF7E12B1CF4F60005C946 /* FirebaseInAppMessaging-Beta */,
				DE2FF7E32B1CF4F60005C946 /* FirebaseInAppMessagingSwift-Beta */,
				DE2FF7E52B1CF4F60005C946 /* FirebaseInstallations */,
				DE2FF7E72B1CF4F60005C946 /* FirebaseMLModelDownloader */,
				DE2FF7E92B1CF4F60005C946 /* FirebaseMessaging */,
				DE2FF7EB2B1CF4F60005C946 /* FirebasePerformance */,
				DE2FF7ED2B1CF4F60005C946 /* FirebaseRemoteConfig */,
				DE2FF7EF2B1CF4F60005C946 /* FirebaseRemoteConfigSwift */,
				DE2FF7F12B1CF4F60005C946 /* FirebaseStorage */,
				DE2FF7F32B1CF4F60005C946 /* FirebaseStorageCombine-Community */,
			);
			productName = MyShelves;
			productReference = DE9186302B1A5BB0004E8F1E /* MyShelves.app */;
			productType = "com.apple.product-type.application";
		};
/* End PBXNativeTarget section */

/* Begin PBXProject section */
		DE9186282B1A5BB0004E8F1E /* Project object */ = {
			isa = PBXProject;
			attributes = {
				BuildIndependentTargetsInParallel = 1;
				LastSwiftUpdateCheck = 1500;
				LastUpgradeCheck = 1500;
				TargetAttributes = {
					DE91862F2B1A5BB0004E8F1E = {
						CreatedOnToolsVersion = 15.0.1;
					};
				};
			};
			buildConfigurationList = DE91862B2B1A5BB0004E8F1E /* Build configuration list for PBXProject "MyShelves" */;
			compatibilityVersion = "Xcode 14.0";
			developmentRegion = en;
			hasScannedForEncodings = 0;
			knownRegions = (
				en,
				Base,
			);
			mainGroup = DE9186272B1A5BB0004E8F1E;
			packageReferences = (
				DEC4672D2B1CD1B00077F986 /* XCRemoteSwiftPackageReference "firebase-ios-sdk" */,
			);
			productRefGroup = DE9186312B1A5BB0004E8F1E /* Products */;
			projectDirPath = "";
			projectRoot = "";
			targets = (
				DE91862F2B1A5BB0004E8F1E /* MyShelves */,
			);
		};
/* End PBXProject section */

/* Begin PBXResourcesBuildPhase section */
		DE91862E2B1A5BB0004E8F1E /* Resources */ = {
			isa = PBXResourcesBuildPhase;
			buildActionMask = 2147483647;
			files = (
				DE2FF7BE2B1CF4A50005C946 /* GoogleService-Info (2).plist in Resources */,
				DE91863B2B1A5BB2004E8F1E /* Preview Assets.xcassets in Resources */,
				DEC4672C2B1CD1720077F986 /* GoogleService-Info.plist in Resources */,
				DE0072482B1D504700CF589F /* Launch Screen.storyboard in Resources */,
				DE9186382B1A5BB2004E8F1E /* Assets.xcassets in Resources */,
			);
			runOnlyForDeploymentPostprocessing = 0;
		};
/* End PBXResourcesBuildPhase section */

/* Begin PBXSourcesBuildPhase section */
		DE91862C2B1A5BB0004E8F1E /* Sources */ = {
			isa = PBXSourcesBuildPhase;
			buildActionMask = 2147483647;
			files = (
				DE2FF7BC2B1CF3930005C946 /* AuthViewModel.swift in Sources */,
				DE0072462B1D329800CF589F /* LibraryBook.swift in Sources */,
				DE9186422B1A5C5F004E8F1E /* ExploreViewModel.swift in Sources */,
				DE3BF2532B1BFF9E00AD0EE1 /* SearchViewModel.swift in Sources */,
				DE0072422B1D2EBF00CF589F /* ShelvesView.swift in Sources */,
				DEA5BA812B1EB79F005A9F76 /* LibraryBookDetail.swift in Sources */,
				DE9186362B1A5BB0004E8F1E /* ContentView.swift in Sources */,
				DEC467282B1CB8ED0077F986 /* ExploreBookDetail.swift in Sources */,
				DE3BF24F2B1BFF1900AD0EE1 /* BookListModel.swift in Sources */,
				DE3BF2552B1BFFD100AD0EE1 /* SearchView.swift in Sources */,
				DE3BF2572B1C08CE00AD0EE1 /* BookDetail.swift in Sources */,
				DEC4673D2B1CDEB80077F986 /* RegistrationView.swift in Sources */,
				DE2FF7B62B1CE8810005C946 /* User.swift in Sources */,
				DE0072442B1D307B00CF589F /* AddBookViewModel.swift in Sources */,
				DE3BF2592B1C0B7F00AD0EE1 /* CoverView.swift in Sources */,
				DE2FF7B82B1CE9960005C946 /* ProfileView.swift in Sources */,
				DEC467392B1CD2DD0077F986 /* LoginView.swift in Sources */,
				DE9186442B1A5D46004E8F1E /* BestSellerModel.swift in Sources */,
				DE2FF7F62B1CF9290005C946 /* HomeView.swift in Sources */,
				DEC4672A2B1CB9DA0077F986 /* ExploreCoverView.swift in Sources */,
				DEC4673B2B1CD6980077F986 /* InputView.swift in Sources */,
				DE2FF7BA2B1CEBD40005C946 /* SettingsRowView.swift in Sources */,
				DE9186342B1A5BB0004E8F1E /* MyShelvesApp.swift in Sources */,
				DE9186462B1A5D86004E8F1E /* ExploreView.swift in Sources */,
			);
			runOnlyForDeploymentPostprocessing = 0;
		};
/* End PBXSourcesBuildPhase section */

/* Begin XCBuildConfiguration section */
		DE91863C2B1A5BB2004E8F1E /* Debug */ = {
			isa = XCBuildConfiguration;
			buildSettings = {
				ALWAYS_SEARCH_USER_PATHS = NO;
				ASSETCATALOG_COMPILER_GENERATE_SWIFT_ASSET_SYMBOL_EXTENSIONS = YES;
				CLANG_ANALYZER_NONNULL = YES;
				CLANG_ANALYZER_NUMBER_OBJECT_CONVERSION = YES_AGGRESSIVE;
				CLANG_CXX_LANGUAGE_STANDARD = "gnu++20";
				CLANG_ENABLE_MODULES = YES;
				CLANG_ENABLE_OBJC_ARC = YES;
				CLANG_ENABLE_OBJC_WEAK = YES;
				CLANG_WARN_BLOCK_CAPTURE_AUTORELEASING = YES;
				CLANG_WARN_BOOL_CONVERSION = YES;
				CLANG_WARN_COMMA = YES;
				CLANG_WARN_CONSTANT_CONVERSION = YES;
				CLANG_WARN_DEPRECATED_OBJC_IMPLEMENTATIONS = YES;
				CLANG_WARN_DIRECT_OBJC_ISA_USAGE = YES_ERROR;
				CLANG_WARN_DOCUMENTATION_COMMENTS = YES;
				CLANG_WARN_EMPTY_BODY = YES;
				CLANG_WARN_ENUM_CONVERSION = YES;
				CLANG_WARN_INFINITE_RECURSION = YES;
				CLANG_WARN_INT_CONVERSION = YES;
				CLANG_WARN_NON_LITERAL_NULL_CONVERSION = YES;
				CLANG_WARN_OBJC_IMPLICIT_RETAIN_SELF = YES;
				CLANG_WARN_OBJC_LITERAL_CONVERSION = YES;
				CLANG_WARN_OBJC_ROOT_CLASS = YES_ERROR;
				CLANG_WARN_QUOTED_INCLUDE_IN_FRAMEWORK_HEADER = YES;
				CLANG_WARN_RANGE_LOOP_ANALYSIS = YES;
				CLANG_WARN_STRICT_PROTOTYPES = YES;
				CLANG_WARN_SUSPICIOUS_MOVE = YES;
				CLANG_WARN_UNGUARDED_AVAILABILITY = YES_AGGRESSIVE;
				CLANG_WARN_UNREACHABLE_CODE = YES;
				CLANG_WARN__DUPLICATE_METHOD_MATCH = YES;
				COPY_PHASE_STRIP = NO;
				DEBUG_INFORMATION_FORMAT = dwarf;
				ENABLE_STRICT_OBJC_MSGSEND = YES;
				ENABLE_TESTABILITY = YES;
				ENABLE_USER_SCRIPT_SANDBOXING = YES;
				GCC_C_LANGUAGE_STANDARD = gnu17;
				GCC_DYNAMIC_NO_PIC = NO;
				GCC_NO_COMMON_BLOCKS = YES;
				GCC_OPTIMIZATION_LEVEL = 0;
				GCC_PREPROCESSOR_DEFINITIONS = (
					"DEBUG=1",
					"$(inherited)",
				);
				GCC_WARN_64_TO_32_BIT_CONVERSION = YES;
				GCC_WARN_ABOUT_RETURN_TYPE = YES_ERROR;
				GCC_WARN_UNDECLARED_SELECTOR = YES;
				GCC_WARN_UNINITIALIZED_AUTOS = YES_AGGRESSIVE;
				GCC_WARN_UNUSED_FUNCTION = YES;
				GCC_WARN_UNUSED_VARIABLE = YES;
				IPHONEOS_DEPLOYMENT_TARGET = 17.0;
				LOCALIZATION_PREFERS_STRING_CATALOGS = YES;
				MTL_ENABLE_DEBUG_INFO = INCLUDE_SOURCE;
				MTL_FAST_MATH = YES;
				ONLY_ACTIVE_ARCH = YES;
				SDKROOT = iphoneos;
				SWIFT_ACTIVE_COMPILATION_CONDITIONS = "DEBUG $(inherited)";
				SWIFT_OPTIMIZATION_LEVEL = "-Onone";
			};
			name = Debug;
		};
		DE91863D2B1A5BB2004E8F1E /* Release */ = {
			isa = XCBuildConfiguration;
			buildSettings = {
				ALWAYS_SEARCH_USER_PATHS = NO;
				ASSETCATALOG_COMPILER_GENERATE_SWIFT_ASSET_SYMBOL_EXTENSIONS = YES;
				CLANG_ANALYZER_NONNULL = YES;
				CLANG_ANALYZER_NUMBER_OBJECT_CONVERSION = YES_AGGRESSIVE;
				CLANG_CXX_LANGUAGE_STANDARD = "gnu++20";
				CLANG_ENABLE_MODULES = YES;
				CLANG_ENABLE_OBJC_ARC = YES;
				CLANG_ENABLE_OBJC_WEAK = YES;
				CLANG_WARN_BLOCK_CAPTURE_AUTORELEASING = YES;
				CLANG_WARN_BOOL_CONVERSION = YES;
				CLANG_WARN_COMMA = YES;
				CLANG_WARN_CONSTANT_CONVERSION = YES;
				CLANG_WARN_DEPRECATED_OBJC_IMPLEMENTATIONS = YES;
				CLANG_WARN_DIRECT_OBJC_ISA_USAGE = YES_ERROR;
				CLANG_WARN_DOCUMENTATION_COMMENTS = YES;
				CLANG_WARN_EMPTY_BODY = YES;
				CLANG_WARN_ENUM_CONVERSION = YES;
				CLANG_WARN_INFINITE_RECURSION = YES;
				CLANG_WARN_INT_CONVERSION = YES;
				CLANG_WARN_NON_LITERAL_NULL_CONVERSION = YES;
				CLANG_WARN_OBJC_IMPLICIT_RETAIN_SELF = YES;
				CLANG_WARN_OBJC_LITERAL_CONVERSION = YES;
				CLANG_WARN_OBJC_ROOT_CLASS = YES_ERROR;
				CLANG_WARN_QUOTED_INCLUDE_IN_FRAMEWORK_HEADER = YES;
				CLANG_WARN_RANGE_LOOP_ANALYSIS = YES;
				CLANG_WARN_STRICT_PROTOTYPES = YES;
				CLANG_WARN_SUSPICIOUS_MOVE = YES;
				CLANG_WARN_UNGUARDED_AVAILABILITY = YES_AGGRESSIVE;
				CLANG_WARN_UNREACHABLE_CODE = YES;
				CLANG_WARN__DUPLICATE_METHOD_MATCH = YES;
				COPY_PHASE_STRIP = NO;
				DEBUG_INFORMATION_FORMAT = "dwarf-with-dsym";
				ENABLE_NS_ASSERTIONS = NO;
				ENABLE_STRICT_OBJC_MSGSEND = YES;
				ENABLE_USER_SCRIPT_SANDBOXING = YES;
				GCC_C_LANGUAGE_STANDARD = gnu17;
				GCC_NO_COMMON_BLOCKS = YES;
				GCC_WARN_64_TO_32_BIT_CONVERSION = YES;
				GCC_WARN_ABOUT_RETURN_TYPE = YES_ERROR;
				GCC_WARN_UNDECLARED_SELECTOR = YES;
				GCC_WARN_UNINITIALIZED_AUTOS = YES_AGGRESSIVE;
				GCC_WARN_UNUSED_FUNCTION = YES;
				GCC_WARN_UNUSED_VARIABLE = YES;
				IPHONEOS_DEPLOYMENT_TARGET = 17.0;
				LOCALIZATION_PREFERS_STRING_CATALOGS = YES;
				MTL_ENABLE_DEBUG_INFO = NO;
				MTL_FAST_MATH = YES;
				SDKROOT = iphoneos;
				SWIFT_COMPILATION_MODE = wholemodule;
				VALIDATE_PRODUCT = YES;
			};
			name = Release;
		};
		DE91863F2B1A5BB2004E8F1E /* Debug */ = {
			isa = XCBuildConfiguration;
			buildSettings = {
				ASSETCATALOG_COMPILER_APPICON_NAME = AppIcon;
				ASSETCATALOG_COMPILER_GLOBAL_ACCENT_COLOR_NAME = AccentColor;
				ASSETCATALOG_COMPILER_INCLUDE_ALL_APPICON_ASSETS = YES;
				CODE_SIGN_STYLE = Automatic;
				CURRENT_PROJECT_VERSION = 1;
				DEVELOPMENT_ASSET_PATHS = "\"MyShelves/Preview Content\"";
				ENABLE_PREVIEWS = YES;
				GENERATE_INFOPLIST_FILE = YES;
				INFOPLIST_KEY_UIApplicationSceneManifest_Generation = YES;
				INFOPLIST_KEY_UIApplicationSupportsIndirectInputEvents = YES;
				INFOPLIST_KEY_UILaunchScreen_Generation = YES;
				INFOPLIST_KEY_UILaunchStoryboardName = "Launch Screen.storyboard";
				INFOPLIST_KEY_UISupportedInterfaceOrientations_iPad = "UIInterfaceOrientationPortrait UIInterfaceOrientationPortraitUpsideDown UIInterfaceOrientationLandscapeLeft UIInterfaceOrientationLandscapeRight";
				INFOPLIST_KEY_UISupportedInterfaceOrientations_iPhone = "UIInterfaceOrientationPortrait UIInterfaceOrientationLandscapeLeft UIInterfaceOrientationLandscapeRight";
				LD_RUNPATH_SEARCH_PATHS = (
					"$(inherited)",
					"@executable_path/Frameworks",
				);
				MARKETING_VERSION = 1.0;
				PRODUCT_BUNDLE_IDENTIFIER = edu.auburn.onlinecsse.MyShelves;
				PRODUCT_NAME = "$(TARGET_NAME)";
				SWIFT_EMIT_LOC_STRINGS = YES;
				SWIFT_VERSION = 5.0;
				TARGETED_DEVICE_FAMILY = "1,2";
			};
			name = Debug;
		};
		DE9186402B1A5BB2004E8F1E /* Release */ = {
			isa = XCBuildConfiguration;
			buildSettings = {
				ASSETCATALOG_COMPILER_APPICON_NAME = AppIcon;
				"ASSETCATALOG_COMPILER_APPICON_NAME[sdk=iphoneos*]" = AppIcon;
				ASSETCATALOG_COMPILER_GLOBAL_ACCENT_COLOR_NAME = AccentColor;
				ASSETCATALOG_COMPILER_INCLUDE_ALL_APPICON_ASSETS = YES;
				CODE_SIGN_STYLE = Automatic;
				CURRENT_PROJECT_VERSION = 1;
				DEVELOPMENT_ASSET_PATHS = "\"MyShelves/Preview Content\"";
				ENABLE_PREVIEWS = YES;
				GENERATE_INFOPLIST_FILE = YES;
				INFOPLIST_KEY_UIApplicationSceneManifest_Generation = YES;
				INFOPLIST_KEY_UIApplicationSupportsIndirectInputEvents = YES;
				INFOPLIST_KEY_UILaunchScreen_Generation = YES;
				INFOPLIST_KEY_UILaunchStoryboardName = "Launch Screen.storyboard";
				INFOPLIST_KEY_UISupportedInterfaceOrientations_iPad = "UIInterfaceOrientationPortrait UIInterfaceOrientationPortraitUpsideDown UIInterfaceOrientationLandscapeLeft UIInterfaceOrientationLandscapeRight";
				INFOPLIST_KEY_UISupportedInterfaceOrientations_iPhone = "UIInterfaceOrientationPortrait UIInterfaceOrientationLandscapeLeft UIInterfaceOrientationLandscapeRight";
				LD_RUNPATH_SEARCH_PATHS = (
					"$(inherited)",
					"@executable_path/Frameworks",
				);
				MARKETING_VERSION = 1.0;
				PRODUCT_BUNDLE_IDENTIFIER = edu.auburn.onlinecsse.MyShelves;
				PRODUCT_NAME = "$(TARGET_NAME)";
				SWIFT_EMIT_LOC_STRINGS = YES;
				SWIFT_VERSION = 5.0;
				TARGETED_DEVICE_FAMILY = "1,2";
			};
			name = Release;
		};
/* End XCBuildConfiguration section */

/* Begin XCConfigurationList section */
		DE91862B2B1A5BB0004E8F1E /* Build configuration list for PBXProject "MyShelves" */ = {
			isa = XCConfigurationList;
			buildConfigurations = (
				DE91863C2B1A5BB2004E8F1E /* Debug */,
				DE91863D2B1A5BB2004E8F1E /* Release */,
			);
			defaultConfigurationIsVisible = 0;
			defaultConfigurationName = Release;
		};
		DE91863E2B1A5BB2004E8F1E /* Build configuration list for PBXNativeTarget "MyShelves" */ = {
			isa = XCConfigurationList;
			buildConfigurations = (
				DE91863F2B1A5BB2004E8F1E /* Debug */,
				DE9186402B1A5BB2004E8F1E /* Release */,
			);
			defaultConfigurationIsVisible = 0;
			defaultConfigurationName = Release;
		};
/* End XCConfigurationList section */

/* Begin XCRemoteSwiftPackageReference section */
		DEC4672D2B1CD1B00077F986 /* XCRemoteSwiftPackageReference "firebase-ios-sdk" */ = {
			isa = XCRemoteSwiftPackageReference;
			repositoryURL = "https://github.com/firebase/firebase-ios-sdk";
			requirement = {
				kind = upToNextMajorVersion;
				minimumVersion = 10.18.0;
			};
		};
/* End XCRemoteSwiftPackageReference section */

/* Begin XCSwiftPackageProductDependency section */
		DE2FF7BF2B1CF4F60005C946 /* FirebaseAnalytics */ = {
			isa = XCSwiftPackageProductDependency;
			package = DEC4672D2B1CD1B00077F986 /* XCRemoteSwiftPackageReference "firebase-ios-sdk" */;
			productName = FirebaseAnalytics;
		};
		DE2FF7C12B1CF4F60005C946 /* FirebaseAnalyticsOnDeviceConversion */ = {
			isa = XCSwiftPackageProductDependency;
			package = DEC4672D2B1CD1B00077F986 /* XCRemoteSwiftPackageReference "firebase-ios-sdk" */;
			productName = FirebaseAnalyticsOnDeviceConversion;
		};
		DE2FF7C32B1CF4F60005C946 /* FirebaseAnalyticsSwift */ = {
			isa = XCSwiftPackageProductDependency;
			package = DEC4672D2B1CD1B00077F986 /* XCRemoteSwiftPackageReference "firebase-ios-sdk" */;
			productName = FirebaseAnalyticsSwift;
		};
		DE2FF7C52B1CF4F60005C946 /* FirebaseAnalyticsWithoutAdIdSupport */ = {
			isa = XCSwiftPackageProductDependency;
			package = DEC4672D2B1CD1B00077F986 /* XCRemoteSwiftPackageReference "firebase-ios-sdk" */;
			productName = FirebaseAnalyticsWithoutAdIdSupport;
		};
		DE2FF7C72B1CF4F60005C946 /* FirebaseAppCheck */ = {
			isa = XCSwiftPackageProductDependency;
			package = DEC4672D2B1CD1B00077F986 /* XCRemoteSwiftPackageReference "firebase-ios-sdk" */;
			productName = FirebaseAppCheck;
		};
		DE2FF7C92B1CF4F60005C946 /* FirebaseAppDistribution-Beta */ = {
			isa = XCSwiftPackageProductDependency;
			package = DEC4672D2B1CD1B00077F986 /* XCRemoteSwiftPackageReference "firebase-ios-sdk" */;
			productName = "FirebaseAppDistribution-Beta";
		};
		DE2FF7CB2B1CF4F60005C946 /* FirebaseAuth */ = {
			isa = XCSwiftPackageProductDependency;
			package = DEC4672D2B1CD1B00077F986 /* XCRemoteSwiftPackageReference "firebase-ios-sdk" */;
			productName = FirebaseAuth;
		};
		DE2FF7CD2B1CF4F60005C946 /* FirebaseAuthCombine-Community */ = {
			isa = XCSwiftPackageProductDependency;
			package = DEC4672D2B1CD1B00077F986 /* XCRemoteSwiftPackageReference "firebase-ios-sdk" */;
			productName = "FirebaseAuthCombine-Community";
		};
		DE2FF7CF2B1CF4F60005C946 /* FirebaseCrashlytics */ = {
			isa = XCSwiftPackageProductDependency;
			package = DEC4672D2B1CD1B00077F986 /* XCRemoteSwiftPackageReference "firebase-ios-sdk" */;
			productName = FirebaseCrashlytics;
		};
		DE2FF7D12B1CF4F60005C946 /* FirebaseDatabase */ = {
			isa = XCSwiftPackageProductDependency;
			package = DEC4672D2B1CD1B00077F986 /* XCRemoteSwiftPackageReference "firebase-ios-sdk" */;
			productName = FirebaseDatabase;
		};
		DE2FF7D32B1CF4F60005C946 /* FirebaseDatabaseSwift */ = {
			isa = XCSwiftPackageProductDependency;
			package = DEC4672D2B1CD1B00077F986 /* XCRemoteSwiftPackageReference "firebase-ios-sdk" */;
			productName = FirebaseDatabaseSwift;
		};
		DE2FF7D52B1CF4F60005C946 /* FirebaseDynamicLinks */ = {
			isa = XCSwiftPackageProductDependency;
			package = DEC4672D2B1CD1B00077F986 /* XCRemoteSwiftPackageReference "firebase-ios-sdk" */;
			productName = FirebaseDynamicLinks;
		};
		DE2FF7D72B1CF4F60005C946 /* FirebaseFirestore */ = {
			isa = XCSwiftPackageProductDependency;
			package = DEC4672D2B1CD1B00077F986 /* XCRemoteSwiftPackageReference "firebase-ios-sdk" */;
			productName = FirebaseFirestore;
		};
		DE2FF7D92B1CF4F60005C946 /* FirebaseFirestoreCombine-Community */ = {
			isa = XCSwiftPackageProductDependency;
			package = DEC4672D2B1CD1B00077F986 /* XCRemoteSwiftPackageReference "firebase-ios-sdk" */;
			productName = "FirebaseFirestoreCombine-Community";
		};
		DE2FF7DB2B1CF4F60005C946 /* FirebaseFirestoreSwift */ = {
			isa = XCSwiftPackageProductDependency;
			package = DEC4672D2B1CD1B00077F986 /* XCRemoteSwiftPackageReference "firebase-ios-sdk" */;
			productName = FirebaseFirestoreSwift;
		};
		DE2FF7DD2B1CF4F60005C946 /* FirebaseFunctions */ = {
			isa = XCSwiftPackageProductDependency;
			package = DEC4672D2B1CD1B00077F986 /* XCRemoteSwiftPackageReference "firebase-ios-sdk" */;
			productName = FirebaseFunctions;
		};
		DE2FF7DF2B1CF4F60005C946 /* FirebaseFunctionsCombine-Community */ = {
			isa = XCSwiftPackageProductDependency;
			package = DEC4672D2B1CD1B00077F986 /* XCRemoteSwiftPackageReference "firebase-ios-sdk" */;
			productName = "FirebaseFunctionsCombine-Community";
		};
		DE2FF7E12B1CF4F60005C946 /* FirebaseInAppMessaging-Beta */ = {
			isa = XCSwiftPackageProductDependency;
			package = DEC4672D2B1CD1B00077F986 /* XCRemoteSwiftPackageReference "firebase-ios-sdk" */;
			productName = "FirebaseInAppMessaging-Beta";
		};
		DE2FF7E32B1CF4F60005C946 /* FirebaseInAppMessagingSwift-Beta */ = {
			isa = XCSwiftPackageProductDependency;
			package = DEC4672D2B1CD1B00077F986 /* XCRemoteSwiftPackageReference "firebase-ios-sdk" */;
			productName = "FirebaseInAppMessagingSwift-Beta";
		};
		DE2FF7E52B1CF4F60005C946 /* FirebaseInstallations */ = {
			isa = XCSwiftPackageProductDependency;
			package = DEC4672D2B1CD1B00077F986 /* XCRemoteSwiftPackageReference "firebase-ios-sdk" */;
			productName = FirebaseInstallations;
		};
		DE2FF7E72B1CF4F60005C946 /* FirebaseMLModelDownloader */ = {
			isa = XCSwiftPackageProductDependency;
			package = DEC4672D2B1CD1B00077F986 /* XCRemoteSwiftPackageReference "firebase-ios-sdk" */;
			productName = FirebaseMLModelDownloader;
		};
		DE2FF7E92B1CF4F60005C946 /* FirebaseMessaging */ = {
			isa = XCSwiftPackageProductDependency;
			package = DEC4672D2B1CD1B00077F986 /* XCRemoteSwiftPackageReference "firebase-ios-sdk" */;
			productName = FirebaseMessaging;
		};
		DE2FF7EB2B1CF4F60005C946 /* FirebasePerformance */ = {
			isa = XCSwiftPackageProductDependency;
			package = DEC4672D2B1CD1B00077F986 /* XCRemoteSwiftPackageReference "firebase-ios-sdk" */;
			productName = FirebasePerformance;
		};
		DE2FF7ED2B1CF4F60005C946 /* FirebaseRemoteConfig */ = {
			isa = XCSwiftPackageProductDependency;
			package = DEC4672D2B1CD1B00077F986 /* XCRemoteSwiftPackageReference "firebase-ios-sdk" */;
			productName = FirebaseRemoteConfig;
		};
		DE2FF7EF2B1CF4F60005C946 /* FirebaseRemoteConfigSwift */ = {
			isa = XCSwiftPackageProductDependency;
			package = DEC4672D2B1CD1B00077F986 /* XCRemoteSwiftPackageReference "firebase-ios-sdk" */;
			productName = FirebaseRemoteConfigSwift;
		};
		DE2FF7F12B1CF4F60005C946 /* FirebaseStorage */ = {
			isa = XCSwiftPackageProductDependency;
			package = DEC4672D2B1CD1B00077F986 /* XCRemoteSwiftPackageReference "firebase-ios-sdk" */;
			productName = FirebaseStorage;
		};
		DE2FF7F32B1CF4F60005C946 /* FirebaseStorageCombine-Community */ = {
			isa = XCSwiftPackageProductDependency;
			package = DEC4672D2B1CD1B00077F986 /* XCRemoteSwiftPackageReference "firebase-ios-sdk" */;
			productName = "FirebaseStorageCombine-Community";
		};
		DEC4672E2B1CD1B00077F986 /* FirebaseAnalytics */ = {
			isa = XCSwiftPackageProductDependency;
			package = DEC4672D2B1CD1B00077F986 /* XCRemoteSwiftPackageReference "firebase-ios-sdk" */;
			productName = FirebaseAnalytics;
		};
		DEC467302B1CD1B00077F986 /* FirebaseAnalyticsOnDeviceConversion */ = {
			isa = XCSwiftPackageProductDependency;
			package = DEC4672D2B1CD1B00077F986 /* XCRemoteSwiftPackageReference "firebase-ios-sdk" */;
			productName = FirebaseAnalyticsOnDeviceConversion;
		};
		DEC467322B1CD1B00077F986 /* FirebaseAnalyticsSwift */ = {
			isa = XCSwiftPackageProductDependency;
			package = DEC4672D2B1CD1B00077F986 /* XCRemoteSwiftPackageReference "firebase-ios-sdk" */;
			productName = FirebaseAnalyticsSwift;
		};
		DEC467342B1CD1B00077F986 /* FirebaseAnalyticsWithoutAdIdSupport */ = {
			isa = XCSwiftPackageProductDependency;
			package = DEC4672D2B1CD1B00077F986 /* XCRemoteSwiftPackageReference "firebase-ios-sdk" */;
			productName = FirebaseAnalyticsWithoutAdIdSupport;
		};
		DEC467362B1CD1B00077F986 /* FirebaseAppCheck */ = {
			isa = XCSwiftPackageProductDependency;
			package = DEC4672D2B1CD1B00077F986 /* XCRemoteSwiftPackageReference "firebase-ios-sdk" */;
			productName = FirebaseAppCheck;
		};
/* End XCSwiftPackageProductDependency section */
	};
	rootObject = DE9186282B1A5BB0004E8F1E /* Project object */;
}
